
Microsoft Visual Studio Solution File, Format Version 12.00
# Visual Studio Version 16
VisualStudioVersion = 16.0.31313.79
MinimumVisualStudioVersion = 10.0.40219.1
Project("{8BC9CEB8-8B4A-11D0-8D11-00A0C91BC942}") = "영화", "영화.vcxproj", "{23123366-4684-4AA7-9019-68975709FC05}"
EndProject
Global
	GlobalSection(SolutionConfigurationPlatforms) = preSolution
		Debug|x64 = Debug|x64
		Debug|x86 = Debug|x86
		Release|x64 = Release|x64
		Release|x86 = Release|x86
	EndGlobalSection
	GlobalSection(ProjectConfigurationPlatforms) = postSolution
		{23123366-4684-4AA7-9019-68975709FC05}.Debug|x64.ActiveCfg = Debug|x64
		{23123366-4684-4AA7-9019-68975709FC05}.Debug|x64.Build.0 = Debug|x64
		{23123366-4684-4AA7-9019-68975709FC05}.Debug|x86.ActiveCfg = Debug|Win32
		{23123366-4684-4AA7-9019-68975709FC05}.Debug|x86.Build.0 = Debug|Win32
		{23123366-4684-4AA7-9019-68975709FC05}.Release|x64.ActiveCfg = Release|x64
		{23123366-4684-4AA7-9019-68975709FC05}.Release|x64.Build.0 = Release|x64
		{23123366-4684-4AA7-9019-68975709FC05}.Release|x86.ActiveCfg = Release|Win32
		{23123366-4684-4AA7-9019-68975709FC05}.Release|x86.Build.0 = Release|Win32
	EndGlobalSection
	GlobalSection(SolutionProperties) = preSolution
		HideSolutionNode = FALSE
	EndGlobalSection
	GlobalSection(ExtensibilityGlobals) = postSolution
		SolutionGuid = {4E24B0F5-DF2B-40DF-BEDC-63908B383999}
	EndGlobalSection
EndGlobal
